
Microsoft Visual Studio Solution File, Format Version 12.00
# Visual Studio Version 16
VisualStudioVersion = 16.0.31729.503
MinimumVisualStudioVersion = 10.0.40219.1
Project("{FAE04EC0-301F-11D3-BF4B-00C04F79EFBC}") = "DevIO.UI.Site", "src\DevIO.UI.Site\DevIO.UI.Site.csproj", "{422C27C6-0C2F-4FF6-B67D-FF5896F4123A}"
EndProject
Global
	GlobalSection(SolutionConfigurationPlatforms) = preSolution
		Debug|Any CPU = Debug|Any CPU
		Release|Any CPU = Release|Any CPU
	EndGlobalSection
	GlobalSection(ProjectConfigurationPlatforms) = postSolution
		{422C27C6-0C2F-4FF6-B67D-FF5896F4123A}.Debug|Any CPU.ActiveCfg = Debug|Any CPU
		{422C27C6-0C2F-4FF6-B67D-FF5896F4123A}.Debug|Any CPU.Build.0 = Debug|Any CPU
		{422C27C6-0C2F-4FF6-B67D-FF5896F4123A}.Release|Any CPU.ActiveCfg = Release|Any CPU
		{422C27C6-0C2F-4FF6-B67D-FF5896F4123A}.Release|Any CPU.Build.0 = Release|Any CPU
	EndGlobalSection
	GlobalSection(SolutionProperties) = preSolution
		HideSolutionNode = FALSE
	EndGlobalSection
	GlobalSection(ExtensibilityGlobals) = postSolution
		SolutionGuid = {AF86D3F6-A57B-45F2-ABA6-145B9FB46662}
	EndGlobalSection
EndGlobal
